
Microsoft Visual Studio Solution File, Format Version 12.00
# Visual Studio Version 17
VisualStudioVersion = 17.5.002.0
MinimumVisualStudioVersion = 10.0.40219.1
Project("{9A19103F-16F7-4668-BE54-9A1E7A4F7556}") = "WorkoutTracker", "WorkoutTracker\WorkoutTracker.csproj", "{5B12C9E6-D5F4-413B-8DBD-4BB87E89C35F}"
EndProject
Global
	GlobalSection(SolutionConfigurationPlatforms) = preSolution
		Debug|Any CPU = Debug|Any CPU
		Release|Any CPU = Release|Any CPU
	EndGlobalSection
	GlobalSection(ProjectConfigurationPlatforms) = postSolution
		{5B12C9E6-D5F4-413B-8DBD-4BB87E89C35F}.Debug|Any CPU.ActiveCfg = Debug|Any CPU
		{5B12C9E6-D5F4-413B-8DBD-4BB87E89C35F}.Debug|Any CPU.Build.0 = Debug|Any CPU
		{5B12C9E6-D5F4-413B-8DBD-4BB87E89C35F}.Release|Any CPU.ActiveCfg = Release|Any CPU
		{5B12C9E6-D5F4-413B-8DBD-4BB87E89C35F}.Release|Any CPU.Build.0 = Release|Any CPU
	EndGlobalSection
	GlobalSection(SolutionProperties) = preSolution
		HideSolutionNode = FALSE
	EndGlobalSection
	GlobalSection(ExtensibilityGlobals) = postSolution
		SolutionGuid = {AB213990-2C83-4429-95B1-59EB69185BEE}
	EndGlobalSection
EndGlobal
